# This file is automatically @generated by Poetry 1.5.1 and should not be changed by hand.

[[package]]
name = "av"
version = "11.0.0"
description = "Pythonic bindings for FFmpeg's libraries."
optional = false
python-versions = ">=3.8"
files = [
    {file = "av-11.0.0-cp310-cp310-macosx_10_9_x86_64.whl", hash = "sha256:a01f13b37eb6d181e03bbbbda29093fe2d68f10755795188220acdc89560ec27"},
    {file = "av-11.0.0-cp310-cp310-macosx_11_0_arm64.whl", hash = "sha256:b2236faee1b5d71dff3cdef81ef6eec22cc8b71dbfb45eb037e6437fe80f24e7"},
    {file = "av-11.0.0-cp310-cp310-manylinux_2_17_aarch64.manylinux2014_aarch64.whl", hash = "sha256:40543a08e5c84aecd2bc84da5d43548743201897f0ba21bf5ae3a4dcddefca2b"},
    {file = "av-11.0.0-cp310-cp310-manylinux_2_17_i686.manylinux2014_i686.whl", hash = "sha256:2907376884d956376aaf3bc1905fa4e0dcb9ba4e0d183e519392a19d89317d1b"},
    {file = "av-11.0.0-cp310-cp310-manylinux_2_17_x86_64.manylinux2014_x86_64.whl", hash = "sha256:e8d5581dcdc81cd601e3ce036809f14da82c46ff187bcefe981ec819390e0ab0"},
    {file = "av-11.0.0-cp310-cp310-win_amd64.whl", hash = "sha256:150490f2a62cfa470f3cb60f3a0060ff93afd807e2b7b3b0eeeb5a992eb8d67b"},
    {file = "av-11.0.0-cp311-cp311-macosx_10_9_x86_64.whl", hash = "sha256:d9bac0de62f09e2cb4e2132b5a46a89bc31c898189aa285b484c17351d991afe"},
    {file = "av-11.0.0-cp311-cp311-macosx_11_0_arm64.whl", hash = "sha256:2122ff8bdace4ce50207920f37de472517921e2ca1f0503464f748fdb8e20506"},
    {file = "av-11.0.0-cp311-cp311-manylinux_2_17_aarch64.manylinux2014_aarch64.whl", hash = "sha256:527d840697fee6ad4cf47eba987eaf30cd76bd96b2d20eaa907e166b9b8065c8"},
    {file = "av-11.0.0-cp311-cp311-manylinux_2_17_i686.manylinux2014_i686.whl", hash = "sha256:abeaedddfca9101886eb6fc47318c5f5ece8480d330d73aacf6917d7421981a2"},
    {file = "av-11.0.0-cp311-cp311-manylinux_2_17_x86_64.manylinux2014_x86_64.whl", hash = "sha256:13790fbb889b955baf885fe3761e923e85537ef414173465ec293177cedb7b99"},
    {file = "av-11.0.0-cp311-cp311-win_amd64.whl", hash = "sha256:fc27e27f52480287f44226ad4ae3eb53346bf027959d0f00a9154530bd98b371"},
    {file = "av-11.0.0-cp312-cp312-macosx_10_9_x86_64.whl", hash = "sha256:892583e2c6b8c2500e5d24310f499caefcdaa2e48c8f7169ad41041aaaf4da11"},
    {file = "av-11.0.0-cp312-cp312-macosx_11_0_arm64.whl", hash = "sha256:6943679d70a9f4de974049e7ae2cf0b20afe0d7ddab650526c02a6cf9adcd08f"},
    {file = "av-11.0.0-cp312-cp312-manylinux_2_17_aarch64.manylinux2014_aarch64.whl", hash = "sha256:e6d73b038ccf1df5c16bc643eee5c694fb7732e09375e2f4903c1f4ce90dfb72"},
    {file = "av-11.0.0-cp312-cp312-manylinux_2_17_i686.manylinux2014_i686.whl", hash = "sha256:c83422db3333e97b9680700df5185139352fc3a568b14179da3bdcbeb2f0e91b"},
    {file = "av-11.0.0-cp312-cp312-manylinux_2_17_x86_64.manylinux2014_x86_64.whl", hash = "sha256:8413900f6a3639e0088c018a3a516a1656d4d16799e7aa759a16ddf3bd268e2b"},
    {file = "av-11.0.0-cp312-cp312-win_amd64.whl", hash = "sha256:908e49ee336223801d8f2f7dca5a1deb64e9d8256138b8e7a79013b682a6ebb5"},
    {file = "av-11.0.0-cp38-cp38-macosx_10_9_x86_64.whl", hash = "sha256:82411ae4a562da07b76028d2f349fb0e6a86aa78ad2b18d2d7bf5b06b17fba14"},
    {file = "av-11.0.0-cp38-cp38-macosx_11_0_arm64.whl", hash = "sha256:621104bd63e38fa4eca554da3722b1aac329619de39152f27eec8999acc72342"},
    {file = "av-11.0.0-cp38-cp38-manylinux_2_17_aarch64.manylinux2014_aarch64.whl", hash = "sha256:442878990c094455a16c10127edcc54bc4e78d355e6a13ad2a27608b0ecda38f"},
    {file = "av-11.0.0-cp38-cp38-manylinux_2_17_i686.manylinux2014_i686.whl", hash = "sha256:658199c92987dc72511f5ee8ade62faef6234b7a04c8b5788de99e366be5e073"},
    {file = "av-11.0.0-cp38-cp38-manylinux_2_17_x86_64.manylinux2014_x86_64.whl", hash = "sha256:ad4b381665c49267b46f87297573898b85e5c41384750fee2e70267fbc4ba318"},
    {file = "av-11.0.0-cp38-cp38-win_amd64.whl", hash = "sha256:60de14f71293e36ca4e297cc8a8460f0cf74f38a201694f3c6fc7f40301582f2"},
    {file = "av-11.0.0-cp39-cp39-macosx_10_9_x86_64.whl", hash = "sha256:a90f04af96374dab94028a7471597bdfcf03083338b9be2eb8ca4805a8ec7ab5"},
    {file = "av-11.0.0-cp39-cp39-macosx_11_0_arm64.whl", hash = "sha256:8821ab2d23e4cb5c8abea6b08d2b1bfceca6af2d88fab1d1dc1b3ec7b34933c7"},
    {file = "av-11.0.0-cp39-cp39-manylinux_2_17_aarch64.manylinux2014_aarch64.whl", hash = "sha256:9a92342ed307eeaf9509a6b0f3bafd4337c4880c851b50acc18df48c625b63b6"},
    {file = "av-11.0.0-cp39-cp39-manylinux_2_17_i686.manylinux2014_i686.whl", hash = "sha256:bbe3502975bc844f5d432c1f24d331bf6ef3e05532ebf06f7ed08b60719b8ea5"},
    {file = "av-11.0.0-cp39-cp39-manylinux_2_17_x86_64.manylinux2014_x86_64.whl", hash = "sha256:c278b3a4fd111b4c9190abe6b1a5ca358d5f91e851d470b62577b957e0187b09"},
    {file = "av-11.0.0-cp39-cp39-win_amd64.whl", hash = "sha256:478aa1d54fbc3058ea65ff41086b6adbe1326b456a027d2f3b59dbe60b4ac2ca"},
    {file = "av-11.0.0-pp310-pypy310_pp73-macosx_10_9_x86_64.whl", hash = "sha256:e8df10bb2d56a981d02a8a0b41491912b76dad06305d174a2575ef55ad451100"},
    {file = "av-11.0.0-pp310-pypy310_pp73-manylinux_2_17_aarch64.manylinux2014_aarch64.whl", hash = "sha256:b30c51e597785a89241bd61865faff2dbd3327856a8285a1e120dbf60e18348b"},
    {file = "av-11.0.0-pp310-pypy310_pp73-manylinux_2_17_i686.manylinux2014_i686.whl", hash = "sha256:a8b8bd92edb096699b306e7b090ad096925ca3bdae6f89656f023fa2a2da627d"},
    {file = "av-11.0.0-pp310-pypy310_pp73-manylinux_2_17_x86_64.manylinux2014_x86_64.whl", hash = "sha256:9383af733abfc44f6fc29307a6c922fbf671ee343dc97b78b74eac6a2346a46d"},
    {file = "av-11.0.0-pp310-pypy310_pp73-win_amd64.whl", hash = "sha256:a9df4a60579198b560f641cdfe4c2139948a70193ddc096b275f2cf6d94e3e04"},
    {file = "av-11.0.0-pp38-pypy38_pp73-macosx_10_9_x86_64.whl", hash = "sha256:8ae5f7ae0a7093fb813686d4aa4c554531f80a28480427f5c155da51b747eff0"},
    {file = "av-11.0.0-pp38-pypy38_pp73-manylinux_2_17_aarch64.manylinux2014_aarch64.whl", hash = "sha256:50fb7d606f8236891d773c701d5650b93af8dbf78eeaac36fc7e1f7f64a9d664"},
    {file = "av-11.0.0-pp38-pypy38_pp73-manylinux_2_17_i686.manylinux2014_i686.whl", hash = "sha256:543e0f9bf6ff02dedbe66d906fbc89c8907c80a8ea7413fc3fed68ce4a6e9b44"},
    {file = "av-11.0.0-pp38-pypy38_pp73-manylinux_2_17_x86_64.manylinux2014_x86_64.whl", hash = "sha256:daa279c884457ab194ce78bdd89c0aa391af733da95fb3258d4c6eb8c258299a"},
    {file = "av-11.0.0-pp39-pypy39_pp73-macosx_10_9_x86_64.whl", hash = "sha256:1aacc21f4cf96447117a61edfb776afb73186750a5e08a21484ddfc3599aefb5"},
    {file = "av-11.0.0-pp39-pypy39_pp73-manylinux_2_17_aarch64.manylinux2014_aarch64.whl", hash = "sha256:2568b38eef777b916a5d02e42b8f67f92e12023531239ddd32e1ca4f3cdf8c5b"},
    {file = "av-11.0.0-pp39-pypy39_pp73-manylinux_2_17_i686.manylinux2014_i686.whl", hash = "sha256:747c6d347e27c59cc2e78c9c505d23cd88eceff0cc9386be73693ae9009a577c"},
    {file = "av-11.0.0-pp39-pypy39_pp73-manylinux_2_17_x86_64.manylinux2014_x86_64.whl", hash = "sha256:4bbd8f4941b9d3450eff40003b9b9d904667aec7ab085fa31f0f9bca32d755e0"},
    {file = "av-11.0.0-pp39-pypy39_pp73-win_amd64.whl", hash = "sha256:f39c1244ba0cf185b2722aeec116b8a98a2ee5728ce687cec0bda60ee0360dfc"},
    {file = "av-11.0.0.tar.gz", hash = "sha256:48223f000a252070f8e700ff634bb7fb3aa1b7bc7e450373029fbdd6f369ac31"},
]

[[package]]
name = "click"
version = "8.1.7"
description = "Composable command line interface toolkit"
optional = false
python-versions = ">=3.7"
files = [
    {file = "click-8.1.7-py3-none-any.whl", hash = "sha256:ae74fb96c20a0277a1d615f1e4d73c8414f5a98db8b799a7931d1582f3390c28"},
    {file = "click-8.1.7.tar.gz", hash = "sha256:ca9853ad459e787e2192211578cc907e7594e294c7ccc834310722b41b9ca6de"},
]

[package.dependencies]
colorama = {version = "*", markers = "platform_system == \"Windows\""}

[[package]]
name = "colorama"
version = "0.4.6"
description = "Cross-platform colored terminal text."
optional = false
python-versions = "!=3.0.*,!=3.1.*,!=3.2.*,!=3.3.*,!=3.4.*,!=3.5.*,!=3.6.*,>=2.7"
files = [
    {file = "colorama-0.4.6-py2.py3-none-any.whl", hash = "sha256:4f1d9991f5acc0ca119f9d443620b77f9d6b33703e51011c16baf57afb285fc6"},
    {file = "colorama-0.4.6.tar.gz", hash = "sha256:08695f5cb7ed6e0531a20572697297273c47b8cae5a63ffc6d6ed5c201be6e44"},
]

[[package]]
name = "numpy"
version = "1.26.2"
description = "Fundamental package for array computing in Python"
optional = false
python-versions = ">=3.9"
files = [
    {file = "numpy-1.26.2-cp310-cp310-macosx_10_9_x86_64.whl", hash = "sha256:3703fc9258a4a122d17043e57b35e5ef1c5a5837c3db8be396c82e04c1cf9b0f"},
    {file = "numpy-1.26.2-cp310-cp310-macosx_11_0_arm64.whl", hash = "sha256:cc392fdcbd21d4be6ae1bb4475a03ce3b025cd49a9be5345d76d7585aea69440"},
    {file = "numpy-1.26.2-cp310-cp310-manylinux_2_17_aarch64.manylinux2014_aarch64.whl", hash = "sha256:36340109af8da8805d8851ef1d74761b3b88e81a9bd80b290bbfed61bd2b4f75"},
    {file = "numpy-1.26.2-cp310-cp310-manylinux_2_17_x86_64.manylinux2014_x86_64.whl", hash = "sha256:bcc008217145b3d77abd3e4d5ef586e3bdfba8fe17940769f8aa09b99e856c00"},
    {file = "numpy-1.26.2-cp310-cp310-musllinux_1_1_aarch64.whl", hash = "sha256:3ced40d4e9e18242f70dd02d739e44698df3dcb010d31f495ff00a31ef6014fe"},
    {file = "numpy-1.26.2-cp310-cp310-musllinux_1_1_x86_64.whl", hash = "sha256:b272d4cecc32c9e19911891446b72e986157e6a1809b7b56518b4f3755267523"},
    {file = "numpy-1.26.2-cp310-cp310-win32.whl", hash = "sha256:22f8fc02fdbc829e7a8c578dd8d2e15a9074b630d4da29cda483337e300e3ee9"},
    {file = "numpy-1.26.2-cp310-cp310-win_amd64.whl", hash = "sha256:26c9d33f8e8b846d5a65dd068c14e04018d05533b348d9eaeef6c1bd787f9919"},
    {file = "numpy-1.26.2-cp311-cp311-macosx_10_9_x86_64.whl", hash = "sha256:b96e7b9c624ef3ae2ae0e04fa9b460f6b9f17ad8b4bec6d7756510f1f6c0c841"},
    {file = "numpy-1.26.2-cp311-cp311-macosx_11_0_arm64.whl", hash = "sha256:aa18428111fb9a591d7a9cc1b48150097ba6a7e8299fb56bdf574df650e7d1f1"},
    {file = "numpy-1.26.2-cp311-cp311-manylinux_2_17_aarch64.manylinux2014_aarch64.whl", hash = "sha256:06fa1ed84aa60ea6ef9f91ba57b5ed963c3729534e6e54055fc151fad0423f0a"},
    {file = "numpy-1.26.2-cp311-cp311-manylinux_2_17_x86_64.manylinux2014_x86_64.whl", hash = "sha256:96ca5482c3dbdd051bcd1fce8034603d6ebfc125a7bd59f55b40d8f5d246832b"},
    {file = "numpy-1.26.2-cp311-cp311-musllinux_1_1_aarch64.whl", hash = "sha256:854ab91a2906ef29dc3925a064fcd365c7b4da743f84b123002f6139bcb3f8a7"},
    {file = "numpy-1.26.2-cp311-cp311-musllinux_1_1_x86_64.whl", hash = "sha256:f43740ab089277d403aa07567be138fc2a89d4d9892d113b76153e0e412409f8"},
    {file = "numpy-1.26.2-cp311-cp311-win32.whl", hash = "sha256:a2bbc29fcb1771cd7b7425f98b05307776a6baf43035d3b80c4b0f29e9545186"},
    {file = "numpy-1.26.2-cp311-cp311-win_amd64.whl", hash = "sha256:2b3fca8a5b00184828d12b073af4d0fc5fdd94b1632c2477526f6bd7842d700d"},
    {file = "numpy-1.26.2-cp312-cp312-macosx_10_9_x86_64.whl", hash = "sha256:a4cd6ed4a339c21f1d1b0fdf13426cb3b284555c27ac2f156dfdaaa7e16bfab0"},
    {file = "numpy-1.26.2-cp312-cp312-macosx_11_0_arm64.whl", hash = "sha256:5d5244aabd6ed7f312268b9247be47343a654ebea52a60f002dc70c769048e75"},
    {file = "numpy-1.26.2-cp312-cp312-manylinux_2_17_aarch64.manylinux2014_aarch64.whl", hash = "sha256:6a3cdb4d9c70e6b8c0814239ead47da00934666f668426fc6e94cce869e13fd7"},
    {file = "numpy-1.26.2-cp312-cp312-manylinux_2_17_x86_64.manylinux2014_x86_64.whl", hash = "sha256:aa317b2325f7aa0a9471663e6093c210cb2ae9c0ad824732b307d2c51983d5b6"},
    {file = "numpy-1.26.2-cp312-cp312-musllinux_1_1_aarch64.whl", hash = "sha256:174a8880739c16c925799c018f3f55b8130c1f7c8e75ab0a6fa9d41cab092fd6"},
    {file = "numpy-1.26.2-cp312-cp312-musllinux_1_1_x86_64.whl", hash = "sha256:f79b231bf5c16b1f39c7f4875e1ded36abee1591e98742b05d8a0fb55d8a3eec"},
    {file = "numpy-1.26.2-cp312-cp312-win32.whl", hash = "sha256:4a06263321dfd3598cacb252f51e521a8cb4b6df471bb12a7ee5cbab20ea9167"},
    {file = "numpy-1.26.2-cp312-cp312-win_amd64.whl", hash = "sha256:b04f5dc6b3efdaab541f7857351aac359e6ae3c126e2edb376929bd3b7f92d7e"},
    {file = "numpy-1.26.2-cp39-cp39-macosx_10_9_x86_64.whl", hash = "sha256:4eb8df4bf8d3d90d091e0146f6c28492b0be84da3e409ebef54349f71ed271ef"},
    {file = "numpy-1.26.2-cp39-cp39-macosx_11_0_arm64.whl", hash = "sha256:1a13860fdcd95de7cf58bd6f8bc5a5ef81c0b0625eb2c9a783948847abbef2c2"},
    {file = "numpy-1.26.2-cp39-cp39-manylinux_2_17_aarch64.manylinux2014_aarch64.whl", hash = "sha256:64308ebc366a8ed63fd0bf426b6a9468060962f1a4339ab1074c228fa6ade8e3"},
    {file = "numpy-1.26.2-cp39-cp39-manylinux_2_17_x86_64.manylinux2014_x86_64.whl", hash = "sha256:baf8aab04a2c0e859da118f0b38617e5ee65d75b83795055fb66c0d5e9e9b818"},
    {file = "numpy-1.26.2-cp39-cp39-musllinux_1_1_aarch64.whl", hash = "sha256:d73a3abcac238250091b11caef9ad12413dab01669511779bc9b29261dd50210"},
    {file = "numpy-1.26.2-cp39-cp39-musllinux_1_1_x86_64.whl", hash = "sha256:b361d369fc7e5e1714cf827b731ca32bff8d411212fccd29ad98ad622449cc36"},
    {file = "numpy-1.26.2-cp39-cp39-win32.whl", hash = "sha256:bd3f0091e845164a20bd5a326860c840fe2af79fa12e0469a12768a3ec578d80"},
    {file = "numpy-1.26.2-cp39-cp39-win_amd64.whl", hash = "sha256:2beef57fb031dcc0dc8fa4fe297a742027b954949cabb52a2a376c144e5e6060"},
    {file = "numpy-1.26.2-pp39-pypy39_pp73-macosx_10_9_x86_64.whl", hash = "sha256:1cc3d5029a30fb5f06704ad6b23b35e11309491c999838c31f124fee32107c79"},
    {file = "numpy-1.26.2-pp39-pypy39_pp73-manylinux_2_17_x86_64.manylinux2014_x86_64.whl", hash = "sha256:94cc3c222bb9fb5a12e334d0479b97bb2df446fbe622b470928f5284ffca3f8d"},
    {file = "numpy-1.26.2-pp39-pypy39_pp73-win_amd64.whl", hash = "sha256:fe6b44fb8fcdf7eda4ef4461b97b3f63c466b27ab151bec2366db8b197387841"},
    {file = "numpy-1.26.2.tar.gz", hash = "sha256:f65738447676ab5777f11e6bbbdb8ce11b785e105f690bc45966574816b6d3ea"},
]

[[package]]
name = "opencv-contrib-python"
version = "4.8.1.78"
description = "Wrapper package for OpenCV python bindings."
optional = false
python-versions = ">=3.6"
files = [
    {file = "opencv-contrib-python-4.8.1.78.tar.gz", hash = "sha256:81804332299d656905d4f404fcec5f400d692c652d7a47926b7a441272ce795b"},
    {file = "opencv_contrib_python-4.8.1.78-cp37-abi3-macosx_10_16_x86_64.whl", hash = "sha256:8d97192471c7d42532103ecebf8ad9d9534b7cd655ffadbccacb9ff3d4d49b40"},
    {file = "opencv_contrib_python-4.8.1.78-cp37-abi3-macosx_11_0_arm64.whl", hash = "sha256:8d6feb39d4af2cd1e8919110229bfedd13d4798a089bbe88fbd1a001b664d552"},
    {file = "opencv_contrib_python-4.8.1.78-cp37-abi3-manylinux_2_17_aarch64.manylinux2014_aarch64.whl", hash = "sha256:6cad1720ac701cb3742f48f95bef5cfa288b916b6ac5700f63d5809e3ad5999e"},
    {file = "opencv_contrib_python-4.8.1.78-cp37-abi3-manylinux_2_17_x86_64.manylinux2014_x86_64.whl", hash = "sha256:3fb62bc5967a79bce7c576ef94dea0b9172e52bab91630103e042cb5f29a148a"},
    {file = "opencv_contrib_python-4.8.1.78-cp37-abi3-win32.whl", hash = "sha256:f8737cf3055a6156c66c75432ed28ee3c1d52532b17d91ed73d508ae351b3e66"},
    {file = "opencv_contrib_python-4.8.1.78-cp37-abi3-win_amd64.whl", hash = "sha256:377936b02dcf82dc70261101381a8ad82b03d1298f185886be298d74fe35c328"},
]

[package.dependencies]
numpy = [
    {version = ">=1.21.0", markers = "python_version <= \"3.9\" and platform_system == \"Darwin\" and platform_machine == \"arm64\""},
    {version = ">=1.21.2", markers = "python_version >= \"3.10\""},
    {version = ">=1.21.4", markers = "python_version >= \"3.10\" and platform_system == \"Darwin\""},
    {version = ">=1.23.5", markers = "python_version >= \"3.11\""},
    {version = ">=1.19.3", markers = "python_version >= \"3.6\" and platform_system == \"Linux\" and platform_machine == \"aarch64\" or python_version >= \"3.9\""},
    {version = ">=1.17.0", markers = "python_version >= \"3.7\""},
    {version = ">=1.17.3", markers = "python_version >= \"3.8\""},
]

[[package]]
name = "picamera2"
version = "0.3.16"
description = "The libcamera-based Python interface to Raspberry Pi cameras, based on the original Picamera library"
optional = false
python-versions = ">=3.9"
files = [
    {file = "picamera2-0.3.16-py3-none-any.whl", hash = "sha256:abd7c084181f3941de96ffd62a363f8a068ecda3b3a641d1889c715c3487dba6"},
    {file = "picamera2-0.3.16.tar.gz", hash = "sha256:52654a6f8fec9511c8baacf13ce0d69bd8f7eb1e0c209e37b6abb7f787e3d036"},
]

[package.dependencies]
av = "*"
numpy = "*"
PiDNG = "*"
piexif = "*"
pillow = "*"
python-prctl = "*"
simplejpeg = "*"
v4l2-python3 = "*"

[package.extras]
gui = ["PyQt5", "pyopengl"]

[[package]]
name = "pidng"
version = "4.0.9"
description = "Python utility for creating Adobe DNG files from RAW image data."
optional = false
python-versions = ">=3.6"
files = [
    {file = "pidng-4.0.9.tar.gz", hash = "sha256:560eb008086f8a715fd9e1ab998817a7d4c8500a7f161b9ce6af5ab27501f82c"},
]

[package.dependencies]
numpy = "*"

[[package]]
name = "piexif"
version = "1.1.3"
description = "To simplify exif manipulations with python. Writing, reading, and more..."
optional = false
python-versions = ">=2.7, !=3.0.*, !=3.1.*, !=3.2.*, !=3.3.*, !=3.4.*"
files = [
    {file = "piexif-1.1.3-py2.py3-none-any.whl", hash = "sha256:3bc435d171720150b81b15d27e05e54b8abbde7b4242cddd81ef160d283108b6"},
    {file = "piexif-1.1.3.zip", hash = "sha256:83cb35c606bf3a1ea1a8f0a25cb42cf17e24353fd82e87ae3884e74a302a5f1b"},
]

[[package]]
name = "pillow"
version = "10.1.0"
description = "Python Imaging Library (Fork)"
optional = false
python-versions = ">=3.8"
files = [
    {file = "Pillow-10.1.0-cp310-cp310-macosx_10_10_x86_64.whl", hash = "sha256:1ab05f3db77e98f93964697c8efc49c7954b08dd61cff526b7f2531a22410106"},
    {file = "Pillow-10.1.0-cp310-cp310-macosx_11_0_arm64.whl", hash = "sha256:6932a7652464746fcb484f7fc3618e6503d2066d853f68a4bd97193a3996e273"},
    {file = "Pillow-10.1.0-cp310-cp310-manylinux_2_17_aarch64.manylinux2014_aarch64.whl", hash = "sha256:a5f63b5a68daedc54c7c3464508d8c12075e56dcfbd42f8c1bf40169061ae666"},
    {file = "Pillow-10.1.0-cp310-cp310-manylinux_2_17_x86_64.manylinux2014_x86_64.whl", hash = "sha256:c0949b55eb607898e28eaccb525ab104b2d86542a85c74baf3a6dc24002edec2"},
    {file = "Pillow-10.1.0-cp310-cp310-manylinux_2_28_aarch64.whl", hash = "sha256:ae88931f93214777c7a3aa0a8f92a683f83ecde27f65a45f95f22d289a69e593"},
    {file = "Pillow-10.1.0-cp310-cp310-manylinux_2_28_x86_64.whl", hash = "sha256:b0eb01ca85b2361b09480784a7931fc648ed8b7836f01fb9241141b968feb1db"},
    {file = "Pillow-10.1.0-cp310-cp310-musllinux_1_1_aarch64.whl", hash = "sha256:d27b5997bdd2eb9fb199982bb7eb6164db0426904020dc38c10203187ae2ff2f"},
    {file = "Pillow-10.1.0-cp310-cp310-musllinux_1_1_x86_64.whl", hash = "sha256:7df5608bc38bd37ef585ae9c38c9cd46d7c81498f086915b0f97255ea60c2818"},
    {file = "Pillow-10.1.0-cp310-cp310-win_amd64.whl", hash = "sha256:41f67248d92a5e0a2076d3517d8d4b1e41a97e2df10eb8f93106c89107f38b57"},
    {file = "Pillow-10.1.0-cp311-cp311-macosx_10_10_x86_64.whl", hash = "sha256:1fb29c07478e6c06a46b867e43b0bcdb241b44cc52be9bc25ce5944eed4648e7"},
    {file = "Pillow-10.1.0-cp311-cp311-macosx_11_0_arm64.whl", hash = "sha256:2cdc65a46e74514ce742c2013cd4a2d12e8553e3a2563c64879f7c7e4d28bce7"},
    {file = "Pillow-10.1.0-cp311-cp311-manylinux_2_17_aarch64.manylinux2014_aarch64.whl", hash = "sha256:50d08cd0a2ecd2a8657bd3d82c71efd5a58edb04d9308185d66c3a5a5bed9610"},
    {file = "Pillow-10.1.0-cp311-cp311-manylinux_2_17_x86_64.manylinux2014_x86_64.whl", hash = "sha256:062a1610e3bc258bff2328ec43f34244fcec972ee0717200cb1425214fe5b839"},
    {file = "Pillow-10.1.0-cp311-cp311-manylinux_2_28_aarch64.whl", hash = "sha256:61f1a9d247317fa08a308daaa8ee7b3f760ab1809ca2da14ecc88ae4257d6172"},
    {file = "Pillow-10.1.0-cp311-cp311-manylinux_2_28_x86_64.whl", hash = "sha256:a646e48de237d860c36e0db37ecaecaa3619e6f3e9d5319e527ccbc8151df061"},
    {file = "Pillow-10.1.0-cp311-cp311-musllinux_1_1_aarch64.whl", hash = "sha256:47e5bf85b80abc03be7455c95b6d6e4896a62f6541c1f2ce77a7d2bb832af262"},
    {file = "Pillow-10.1.0-cp311-cp311-musllinux_1_1_x86_64.whl", hash = "sha256:a92386125e9ee90381c3369f57a2a50fa9e6aa8b1cf1d9c4b200d41a7dd8e992"},
    {file = "Pillow-10.1.0-cp311-cp311-win_amd64.whl", hash = "sha256:0f7c276c05a9767e877a0b4c5050c8bee6a6d960d7f0c11ebda6b99746068c2a"},
    {file = "Pillow-10.1.0-cp312-cp312-macosx_10_10_x86_64.whl", hash = "sha256:a89b8312d51715b510a4fe9fc13686283f376cfd5abca8cd1c65e4c76e21081b"},
    {file = "Pillow-10.1.0-cp312-cp312-macosx_11_0_arm64.whl", hash = "sha256:00f438bb841382b15d7deb9a05cc946ee0f2c352653c7aa659e75e592f6fa17d"},
    {file = "Pillow-10.1.0-cp312-cp312-manylinux_2_17_aarch64.manylinux2014_aarch64.whl", hash = "sha256:3d929a19f5469b3f4df33a3df2983db070ebb2088a1e145e18facbc28cae5b27"},
    {file = "Pillow-10.1.0-cp312-cp312-manylinux_2_17_x86_64.manylinux2014_x86_64.whl", hash = "sha256:9a92109192b360634a4489c0c756364c0c3a2992906752165ecb50544c251312"},
    {file = "Pillow-10.1.0-cp312-cp312-manylinux_2_28_aarch64.whl", hash = "sha256:0248f86b3ea061e67817c47ecbe82c23f9dd5d5226200eb9090b3873d3ca32de"},
    {file = "Pillow-10.1.0-cp312-cp312-manylinux_2_28_x86_64.whl", hash = "sha256:9882a7451c680c12f232a422730f986a1fcd808da0fd428f08b671237237d651"},
    {file = "Pillow-10.1.0-cp312-cp312-musllinux_1_1_aarch64.whl", hash = "sha256:1c3ac5423c8c1da5928aa12c6e258921956757d976405e9467c5f39d1d577a4b"},
    {file = "Pillow-10.1.0-cp312-cp312-musllinux_1_1_x86_64.whl", hash = "sha256:806abdd8249ba3953c33742506fe414880bad78ac25cc9a9b1c6ae97bedd573f"},
    {file = "Pillow-10.1.0-cp312-cp312-win_amd64.whl", hash = "sha256:eaed6977fa73408b7b8a24e8b14e59e1668cfc0f4c40193ea7ced8e210adf996"},
    {file = "Pillow-10.1.0-cp38-cp38-macosx_10_10_x86_64.whl", hash = "sha256:fe1e26e1ffc38be097f0ba1d0d07fcade2bcfd1d023cda5b29935ae8052bd793"},
    {file = "Pillow-10.1.0-cp38-cp38-macosx_11_0_arm64.whl", hash = "sha256:7a7e3daa202beb61821c06d2517428e8e7c1aab08943e92ec9e5755c2fc9ba5e"},
    {file = "Pillow-10.1.0-cp38-cp38-manylinux_2_17_aarch64.manylinux2014_aarch64.whl", hash = "sha256:24fadc71218ad2b8ffe437b54876c9382b4a29e030a05a9879f615091f42ffc2"},
    {file = "Pillow-10.1.0-cp38-cp38-manylinux_2_17_x86_64.manylinux2014_x86_64.whl", hash = "sha256:fa1d323703cfdac2036af05191b969b910d8f115cf53093125e4058f62012c9a"},
    {file = "Pillow-10.1.0-cp38-cp38-manylinux_2_28_aarch64.whl", hash = "sha256:912e3812a1dbbc834da2b32299b124b5ddcb664ed354916fd1ed6f193f0e2d01"},
    {file = "Pillow-10.1.0-cp38-cp38-manylinux_2_28_x86_64.whl", hash = "sha256:7dbaa3c7de82ef37e7708521be41db5565004258ca76945ad74a8e998c30af8d"},
    {file = "Pillow-10.1.0-cp38-cp38-musllinux_1_1_aarch64.whl", hash = "sha256:9d7bc666bd8c5a4225e7ac71f2f9d12466ec555e89092728ea0f5c0c2422ea80"},
    {file = "Pillow-10.1.0-cp38-cp38-musllinux_1_1_x86_64.whl", hash = "sha256:baada14941c83079bf84c037e2d8b7506ce201e92e3d2fa0d1303507a8538212"},
    {file = "Pillow-10.1.0-cp38-cp38-win_amd64.whl", hash = "sha256:2ef6721c97894a7aa77723740a09547197533146fba8355e86d6d9a4a1056b14"},
    {file = "Pillow-10.1.0-cp39-cp39-macosx_10_10_x86_64.whl", hash = "sha256:0a026c188be3b443916179f5d04548092e253beb0c3e2ee0a4e2cdad72f66099"},
    {file = "Pillow-10.1.0-cp39-cp39-macosx_11_0_arm64.whl", hash = "sha256:04f6f6149f266a100374ca3cc368b67fb27c4af9f1cc8cb6306d849dcdf12616"},
    {file = "Pillow-10.1.0-cp39-cp39-manylinux_2_17_aarch64.manylinux2014_aarch64.whl", hash = "sha256:bb40c011447712d2e19cc261c82655f75f32cb724788df315ed992a4d65696bb"},
    {file = "Pillow-10.1.0-cp39-cp39-manylinux_2_17_x86_64.manylinux2014_x86_64.whl", hash = "sha256:1a8413794b4ad9719346cd9306118450b7b00d9a15846451549314a58ac42219"},
    {file = "Pillow-10.1.0-cp39-cp39-manylinux_2_28_aarch64.whl", hash = "sha256:c9aeea7b63edb7884b031a35305629a7593272b54f429a9869a4f63a1bf04c34"},
    {file = "Pillow-10.1.0-cp39-cp39-manylinux_2_28_x86_64.whl", hash = "sha256:b4005fee46ed9be0b8fb42be0c20e79411533d1fd58edabebc0dd24626882cfd"},
    {file = "Pillow-10.1.0-cp39-cp39-musllinux_1_1_aarch64.whl", hash = "sha256:4d0152565c6aa6ebbfb1e5d8624140a440f2b99bf7afaafbdbf6430426497f28"},
    {file = "Pillow-10.1.0-cp39-cp39-musllinux_1_1_x86_64.whl", hash = "sha256:d921bc90b1defa55c9917ca6b6b71430e4286fc9e44c55ead78ca1a9f9eba5f2"},
    {file = "Pillow-10.1.0-cp39-cp39-win_amd64.whl", hash = "sha256:cfe96560c6ce2f4c07d6647af2d0f3c54cc33289894ebd88cfbb3bcd5391e256"},
    {file = "Pillow-10.1.0-pp310-pypy310_pp73-macosx_10_10_x86_64.whl", hash = "sha256:937bdc5a7f5343d1c97dc98149a0be7eb9704e937fe3dc7140e229ae4fc572a7"},
    {file = "Pillow-10.1.0-pp310-pypy310_pp73-manylinux_2_17_x86_64.manylinux2014_x86_64.whl", hash = "sha256:b1c25762197144e211efb5f4e8ad656f36c8d214d390585d1d21281f46d556ba"},
    {file = "Pillow-10.1.0-pp310-pypy310_pp73-manylinux_2_28_x86_64.whl", hash = "sha256:afc8eef765d948543a4775f00b7b8c079b3321d6b675dde0d02afa2ee23000b4"},
    {file = "Pillow-10.1.0-pp310-pypy310_pp73-win_amd64.whl", hash = "sha256:883f216eac8712b83a63f41b76ddfb7b2afab1b74abbb413c5df6680f071a6b9"},
    {file = "Pillow-10.1.0-pp39-pypy39_pp73-macosx_10_10_x86_64.whl", hash = "sha256:b920e4d028f6442bea9a75b7491c063f0b9a3972520731ed26c83e254302eb1e"},
    {file = "Pillow-10.1.0-pp39-pypy39_pp73-manylinux_2_17_x86_64.manylinux2014_x86_64.whl", hash = "sha256:1c41d960babf951e01a49c9746f92c5a7e0d939d1652d7ba30f6b3090f27e412"},
    {file = "Pillow-10.1.0-pp39-pypy39_pp73-manylinux_2_28_x86_64.whl", hash = "sha256:1fafabe50a6977ac70dfe829b2d5735fd54e190ab55259ec8aea4aaea412fa0b"},
    {file = "Pillow-10.1.0-pp39-pypy39_pp73-win_amd64.whl", hash = "sha256:3b834f4b16173e5b92ab6566f0473bfb09f939ba14b23b8da1f54fa63e4b623f"},
    {file = "Pillow-10.1.0.tar.gz", hash = "sha256:e6bf8de6c36ed96c86ea3b6e1d5273c53f46ef518a062464cd7ef5dd2cf92e38"},
]

[package.extras]
docs = ["furo", "olefile", "sphinx (>=2.4)", "sphinx-copybutton", "sphinx-inline-tabs", "sphinx-removed-in", "sphinxext-opengraph"]
tests = ["check-manifest", "coverage", "defusedxml", "markdown2", "olefile", "packaging", "pyroma", "pytest", "pytest-cov", "pytest-timeout"]

[[package]]
name = "python-prctl"
version = "1.8.1"
description = "Python(ic) interface to the linux prctl syscall"
optional = false
python-versions = "*"
files = [
    {file = "python-prctl-1.8.1.tar.gz", hash = "sha256:b4ca9a25a7d4f1ace4fffd1f3a2e64ef5208fe05f929f3edd5e27081ca7e67ce"},
]

[[package]]
name = "simplejpeg"
version = "1.7.2"
description = "A simple package for fast JPEG encoding and decoding."
optional = false
python-versions = ">=3.7"
files = [
    {file = "simplejpeg-1.7.2-cp310-cp310-macosx_10_9_x86_64.whl", hash = "sha256:b17c79010d573e52f0479c92b690c88d9a6c72ad7b00014a8666e0ce060cfe2a"},
    {file = "simplejpeg-1.7.2-cp310-cp310-macosx_11_0_arm64.whl", hash = "sha256:1168744ec6084b29434e41bd90aed031c8987396f594838073ceaff5cb4ba6e1"},
    {file = "simplejpeg-1.7.2-cp310-cp310-manylinux_2_17_aarch64.manylinux2014_aarch64.whl", hash = "sha256:35e8d420810121c7dba2ecd76c01a04dea4e31d747518733eecb431edd5b27ff"},
    {file = "simplejpeg-1.7.2-cp310-cp310-manylinux_2_17_x86_64.manylinux2014_x86_64.whl", hash = "sha256:ffdfb66ee5109834f52f774af9d5aaec758be02a3ac3c8224b67aa450010eb4c"},
    {file = "simplejpeg-1.7.2-cp310-cp310-win32.whl", hash = "sha256:612cab64bee204ee177a7575dd277ea4c6f0a7584e84fbe9fdaae2c8918c2252"},
    {file = "simplejpeg-1.7.2-cp310-cp310-win_amd64.whl", hash = "sha256:0eefa86ae9f84b865d3ac5a3b5f4411cac5a2c82e2af9001d7fa218c207a0818"},
    {file = "simplejpeg-1.7.2-cp311-cp311-macosx_10_9_x86_64.whl", hash = "sha256:f3f1290333aecd965562be5d2793903cfcc2fe618d7da409b58aa16c561d3acb"},
    {file = "simplejpeg-1.7.2-cp311-cp311-macosx_11_0_arm64.whl", hash = "sha256:4ff5bc0e5b7b1029546d5ff0e76439b26fe4f8db318895e234aeecb78fb4d4ad"},
    {file = "simplejpeg-1.7.2-cp311-cp311-manylinux_2_17_aarch64.manylinux2014_aarch64.whl", hash = "sha256:012e28ef2bce17cbdd73e4a49cc485e5940158a2bcb161bf06092db7ed90cf72"},
    {file = "simplejpeg-1.7.2-cp311-cp311-manylinux_2_17_x86_64.manylinux2014_x86_64.whl", hash = "sha256:98ad7953be36f39aa3ff977cf556ac322c33c2ea9e9ff99bfb7337f9b0cc57fc"},
    {file = "simplejpeg-1.7.2-cp311-cp311-win32.whl", hash = "sha256:199671036e106f14b4b6a18f85313a32bd508a166de360afd3f84883875db662"},
    {file = "simplejpeg-1.7.2-cp311-cp311-win_amd64.whl", hash = "sha256:90b63eca7120fca6b9477e8ba0eed7899bd5d0b16917c087e6b1dbed51de0946"},
    {file = "simplejpeg-1.7.2-cp312-cp312-macosx_10_9_x86_64.whl", hash = "sha256:c70de43f4f5810fec2fab5f15cc5a1675529fa33395a2d94b9458a62ae4aab3e"},
    {file = "simplejpeg-1.7.2-cp312-cp312-macosx_11_0_arm64.whl", hash = "sha256:b89a72bbc387274d258cfe7e83675bc8da52755a548ca8609bce9836d1e80800"},
    {file = "simplejpeg-1.7.2-cp312-cp312-manylinux_2_17_aarch64.manylinux2014_aarch64.whl", hash = "sha256:15310efd0f7775ff739178f74fae11b469b9623d625baae8dd95101282d51724"},
    {file = "simplejpeg-1.7.2-cp312-cp312-manylinux_2_17_x86_64.manylinux2014_x86_64.whl", hash = "sha256:bfb1f5fc2910018d9a9ae8089e145b307a075472ec617859e530c9f58d668f27"},
    {file = "simplejpeg-1.7.2-cp312-cp312-win_amd64.whl", hash = "sha256:da04c695eac511e99c13cc5f066abc0c6fad95397a4f118e96bd1a24d60c38a7"},
    {file = "simplejpeg-1.7.2-cp37-cp37m-macosx_10_9_x86_64.whl", hash = "sha256:5dea3b75350ccb23284751f9808d7706963c188f42012d5d257df262c1302e5f"},
    {file = "simplejpeg-1.7.2-cp37-cp37m-manylinux_2_17_aarch64.manylinux2014_aarch64.whl", hash = "sha256:ec7663763491a9a164ddabd177b258f017995c9b0c58acdcf2c6ce471b61b9be"},
    {file = "simplejpeg-1.7.2-cp37-cp37m-manylinux_2_17_x86_64.manylinux2014_x86_64.whl", hash = "sha256:0889c85a62b9650a2c42b05de8e38537f45f8dc82354813b4e936a8d8b09f378"},
    {file = "simplejpeg-1.7.2-cp37-cp37m-win32.whl", hash = "sha256:05cae6edc24368379e4fe5f56d1966454c79b249b4e30daff3923ea3de7d7a80"},
    {file = "simplejpeg-1.7.2-cp37-cp37m-win_amd64.whl", hash = "sha256:87a3d48b0bdb71ca51c6bef9f0b9f72c07d15a49f02f5f605b003550f042613e"},
    {file = "simplejpeg-1.7.2-cp38-cp38-macosx_10_9_x86_64.whl", hash = "sha256:f7ea632f7bd08fa41ec687a7c4e36ff72311603c0495a014ec510d7d128c8790"},
    {file = "simplejpeg-1.7.2-cp38-cp38-macosx_11_0_arm64.whl", hash = "sha256:4b5d2ea737490e003ea8fd736805b76c3b6dac2baa731e2790d14a07f6d1dba3"},
    {file = "simplejpeg-1.7.2-cp38-cp38-manylinux_2_17_aarch64.manylinux2014_aarch64.whl", hash = "sha256:c9302f6b45897e4ec0a9d1d35c39c692c999549e422e0690a0afe6cc9c543615"},
    {file = "simplejpeg-1.7.2-cp38-cp38-manylinux_2_17_x86_64.manylinux2014_x86_64.whl", hash = "sha256:bac4c3118241366f21d8f7f7d61350ac9e0fcf54e3995d9143e32076f7152d8c"},
    {file = "simplejpeg-1.7.2-cp38-cp38-win32.whl", hash = "sha256:5b76c0b7bbb1e07d917879ae5c42032cbad6f64df48a97020cf6bfa39447ef37"},
    {file = "simplejpeg-1.7.2-cp38-cp38-win_amd64.whl", hash = "sha256:ad40c63537534c178644e12726461998b53d106f55cc1b37e649dbf3c58a1250"},
    {file = "simplejpeg-1.7.2-cp39-cp39-macosx_10_9_x86_64.whl", hash = "sha256:5c27c540483e31057fe6d9f878d37b42e3dc31882f133f30633bd687bc33962d"},
    {file = "simplejpeg-1.7.2-cp39-cp39-macosx_11_0_arm64.whl", hash = "sha256:0e9e17886a287e758f78315c39e6531a5633ac769cc3639be6747ab747d15ae2"},
    {file = "simplejpeg-1.7.2-cp39-cp39-manylinux_2_17_aarch64.manylinux2014_aarch64.whl", hash = "sha256:3944e0ef734276a594274a10ab934d541100ae0d1782c08ab6d870c48a943052"},
    {file = "simplejpeg-1.7.2-cp39-cp39-manylinux_2_17_x86_64.manylinux2014_x86_64.whl", hash = "sha256:279a9f84803ce1a163ab5dd212dc8513d2991ea0fe570a772b3f65b21fc2646a"},
    {file = "simplejpeg-1.7.2-cp39-cp39-win32.whl", hash = "sha256:06926de8b9a3a3b8ef56bfea0732cd3c16250bb66e49e6b811871e0b3ea8cb42"},
    {file = "simplejpeg-1.7.2-cp39-cp39-win_amd64.whl", hash = "sha256:03f3d8741fbd67bdc92f19da8307faf65d421e5dbb617cf2e0c1ba58178df7e0"},
    {file = "simplejpeg-1.7.2.tar.gz", hash = "sha256:9eda7920b1eeaf021e0c7ed48e3230499fdf1b9d10ce081d03ce5ca06a60422b"},
]

[package.dependencies]
numpy = "*"

[[package]]
name = "tqdm"
version = "4.66.1"
description = "Fast, Extensible Progress Meter"
optional = false
python-versions = ">=3.7"
files = [
    {file = "tqdm-4.66.1-py3-none-any.whl", hash = "sha256:d302b3c5b53d47bce91fea46679d9c3c6508cf6332229aa1e7d8653723793386"},
    {file = "tqdm-4.66.1.tar.gz", hash = "sha256:d88e651f9db8d8551a62556d3cff9e3034274ca5d66e93197cf2490e2dcb69c7"},
]

[package.dependencies]
colorama = {version = "*", markers = "platform_system == \"Windows\""}

[package.extras]
dev = ["pytest (>=6)", "pytest-cov", "pytest-timeout", "pytest-xdist"]
notebook = ["ipywidgets (>=6)"]
slack = ["slack-sdk"]
telegram = ["requests"]

[[package]]
name = "v4l2-python3"
version = "0.3.2"
description = "Python bindings for the v4l2 userspace api."
optional = false
python-versions = "*"
files = [
    {file = "v4l2-python3-0.3.2.tar.gz", hash = "sha256:b7ae81ce7e2908498bd7e9bb978d5ed9ab70c12ba79c45ddda65d0a302422f9f"},
    {file = "v4l2_python3-0.3.2-py3-none-any.whl", hash = "sha256:34737ac0ef5bd3167d29379276e0881f6e0539db9e3e881a5df7cbec6c264391"},
]

[metadata]
lock-version = "2.0"
python-versions = "^3.9"
content-hash = "bb5f3ac8c619930880eea351cbceca903bd612e137f1b5e408965afb1648782c"
